
Microsoft Visual Studio Solution File, Format Version 12.00
# Visual Studio 15
VisualStudioVersion = 15.0.28307.271
MinimumVisualStudioVersion = 10.0.40219.1
Project("{FAE04EC0-301F-11D3-BF4B-00C04F79EFBC}") = "HelloName_Method", "HelloName_Method\HelloName_Method.csproj", "{196DB476-829B-475B-97BD-DE7E15250D52}"
EndProject
Global
	GlobalSection(SolutionConfigurationPlatforms) = preSolution
		Debug|Any CPU = Debug|Any CPU
		Release|Any CPU = Release|Any CPU
	EndGlobalSection
	GlobalSection(ProjectConfigurationPlatforms) = postSolution
		{196DB476-829B-475B-97BD-DE7E15250D52}.Debug|Any CPU.ActiveCfg = Debug|Any CPU
		{196DB476-829B-475B-97BD-DE7E15250D52}.Debug|Any CPU.Build.0 = Debug|Any CPU
		{196DB476-829B-475B-97BD-DE7E15250D52}.Release|Any CPU.ActiveCfg = Release|Any CPU
		{196DB476-829B-475B-97BD-DE7E15250D52}.Release|Any CPU.Build.0 = Release|Any CPU
	EndGlobalSection
	GlobalSection(SolutionProperties) = preSolution
		HideSolutionNode = FALSE
	EndGlobalSection
	GlobalSection(ExtensibilityGlobals) = postSolution
		SolutionGuid = {363E99BC-F653-4F4C-9A32-E00DA3CF165A}
	EndGlobalSection
EndGlobal
